
Microsoft Visual Studio Solution File, Format Version 12.00
# Visual Studio 15
VisualStudioVersion = 15.0.28307.902
MinimumVisualStudioVersion = 10.0.40219.1
Project("{FAE04EC0-301F-11D3-BF4B-00C04F79EFBC}") = "Modelo", "Modelo\Modelo.csproj", "{565E5A37-2C5B-457A-9A69-81FB56C23F05}"
EndProject
Project("{FAE04EC0-301F-11D3-BF4B-00C04F79EFBC}") = "AplicativoConsole", "Console\AplicativoConsole.csproj", "{19AF2D1A-41A2-4948-A1A6-DBF8B49CAF94}"
EndProject
Project("{FAE04EC0-301F-11D3-BF4B-00C04F79EFBC}") = "TesteUnitario", "TesteUnitario\TesteUnitario.csproj", "{F4C49052-DEE9-477C-906F-1F8DDBE70ADB}"
EndProject
Global
	GlobalSection(SolutionConfigurationPlatforms) = preSolution
		Debug|Any CPU = Debug|Any CPU
		Release|Any CPU = Release|Any CPU
	EndGlobalSection
	GlobalSection(ProjectConfigurationPlatforms) = postSolution
		{565E5A37-2C5B-457A-9A69-81FB56C23F05}.Debug|Any CPU.ActiveCfg = Debug|Any CPU
		{565E5A37-2C5B-457A-9A69-81FB56C23F05}.Debug|Any CPU.Build.0 = Debug|Any CPU
		{565E5A37-2C5B-457A-9A69-81FB56C23F05}.Release|Any CPU.ActiveCfg = Release|Any CPU
		{565E5A37-2C5B-457A-9A69-81FB56C23F05}.Release|Any CPU.Build.0 = Release|Any CPU
		{19AF2D1A-41A2-4948-A1A6-DBF8B49CAF94}.Debug|Any CPU.ActiveCfg = Debug|Any CPU
		{19AF2D1A-41A2-4948-A1A6-DBF8B49CAF94}.Debug|Any CPU.Build.0 = Debug|Any CPU
		{19AF2D1A-41A2-4948-A1A6-DBF8B49CAF94}.Release|Any CPU.ActiveCfg = Release|Any CPU
		{19AF2D1A-41A2-4948-A1A6-DBF8B49CAF94}.Release|Any CPU.Build.0 = Release|Any CPU
		{F4C49052-DEE9-477C-906F-1F8DDBE70ADB}.Debug|Any CPU.ActiveCfg = Debug|Any CPU
		{F4C49052-DEE9-477C-906F-1F8DDBE70ADB}.Debug|Any CPU.Build.0 = Debug|Any CPU
		{F4C49052-DEE9-477C-906F-1F8DDBE70ADB}.Release|Any CPU.ActiveCfg = Release|Any CPU
		{F4C49052-DEE9-477C-906F-1F8DDBE70ADB}.Release|Any CPU.Build.0 = Release|Any CPU
	EndGlobalSection
	GlobalSection(SolutionProperties) = preSolution
		HideSolutionNode = FALSE
	EndGlobalSection
	GlobalSection(ExtensibilityGlobals) = postSolution
		SolutionGuid = {78B68250-634B-4D46-A2DC-D8F760E72E0B}
	EndGlobalSection
EndGlobal
